// !$*UTF8*$!
{
	archiveVersion = 1;
	classes = {
	};
	objectVersion = 46;
	objects = {

/* Begin PBXBuildFile section */
		1815BD851C128F4F002E5C2B /* AppDelegate.swift in Sources */ = {isa = PBXBuildFile; fileRef = 1815BD841C128F4F002E5C2B /* AppDelegate.swift */; };
		1815BD871C128F4F002E5C2B /* ViewController.swift in Sources */ = {isa = PBXBuildFile; fileRef = 1815BD861C128F4F002E5C2B /* ViewController.swift */; };
		1815BD8A1C128F4F002E5C2B /* Main.storyboard in Resources */ = {isa = PBXBuildFile; fileRef = 1815BD881C128F4F002E5C2B /* Main.storyboard */; };
		1815BD8C1C128F4F002E5C2B /* Assets.xcassets in Resources */ = {isa = PBXBuildFile; fileRef = 1815BD8B1C128F4F002E5C2B /* Assets.xcassets */; };
		1815BD8F1C128F4F002E5C2B /* LaunchScreen.storyboard in Resources */ = {isa = PBXBuildFile; fileRef = 1815BD8D1C128F4F002E5C2B /* LaunchScreen.storyboard */; };
		1815BD9A1C128F4F002E5C2B /* TipCalculatorTests.swift in Sources */ = {isa = PBXBuildFile; fileRef = 1815BD991C128F4F002E5C2B /* TipCalculatorTests.swift */; };
		1815BDA51C128F4F002E5C2B /* TipCalculatorUITests.swift in Sources */ = {isa = PBXBuildFile; fileRef = 1815BDA41C128F4F002E5C2B /* TipCalculatorUITests.swift */; };
		1815BDB31C12904F002E5C2B /* Calculator.swift in Sources */ = {isa = PBXBuildFile; fileRef = 1815BDB21C12904F002E5C2B /* Calculator.swift */; };
/* End PBXBuildFile section */

/* Begin PBXContainerItemProxy section */
		1815BD961C128F4F002E5C2B /* PBXContainerItemProxy */ = {
			isa = PBXContainerItemProxy;
			containerPortal = 1815BD791C128F4F002E5C2B /* Project object */;
			proxyType = 1;
			remoteGlobalIDString = 1815BD801C128F4F002E5C2B;
			remoteInfo = TipCalculator;
		};
		1815BDA11C128F4F002E5C2B /* PBXContainerItemProxy */ = {
			isa = PBXContainerItemProxy;
			containerPortal = 1815BD791C128F4F002E5C2B /* Project object */;
			proxyType = 1;
			remoteGlobalIDString = 1815BD801C128F4F002E5C2B;
			remoteInfo = TipCalculator;
		};
/* End PBXContainerItemProxy section */

/* Begin PBXFileReference section */
		1815BD811C128F4F002E5C2B /* TipCalculator.app */ = {isa = PBXFileReference; explicitFileType = wrapper.application; includeInIndex = 0; path = TipCalculator.app; sourceTree = BUILT_PRODUCTS_DIR; };
		1815BD841C128F4F002E5C2B /* AppDelegate.swift */ = {isa = PBXFileReference; lastKnownFileType = sourcecode.swift; path = AppDelegate.swift; sourceTree = "<group>"; };
		1815BD861C128F4F002E5C2B /* ViewController.swift */ = {isa = PBXFileReference; lastKnownFileType = sourcecode.swift; path = ViewController.swift; sourceTree = "<group>"; };
		1815BD891C128F4F002E5C2B /* Base */ = {isa = PBXFileReference; lastKnownFileType = file.storyboard; name = Base; path = Base.lproj/Main.storyboard; sourceTree = "<group>"; };
		1815BD8B1C128F4F002E5C2B /* Assets.xcassets */ = {isa = PBXFileReference; lastKnownFileType = folder.assetcatalog; path = Assets.xcassets; sourceTree = "<group>"; };
		1815BD8E1C128F4F002E5C2B /* Base */ = {isa = PBXFileReference; lastKnownFileType = file.storyboard; name = Base; path = Base.lproj/LaunchScreen.storyboard; sourceTree = "<group>"; };
		1815BD901C128F4F002E5C2B /* Info.plist */ = {isa = PBXFileReference; lastKnownFileType = text.plist.xml; path = Info.plist; sourceTree = "<group>"; };
		1815BD951C128F4F002E5C2B /* TipCalculatorTests.xctest */ = {isa = PBXFileReference; explicitFileType = wrapper.cfbundle; includeInIndex = 0; path = TipCalculatorTests.xctest; sourceTree = BUILT_PRODUCTS_DIR; };
		1815BD991C128F4F002E5C2B /* TipCalculatorTests.swift */ = {isa = PBXFileReference; lastKnownFileType = sourcecode.swift; path = TipCalculatorTests.swift; sourceTree = "<group>"; };
		1815BD9B1C128F4F002E5C2B /* Info.plist */ = {isa = PBXFileReference; lastKnownFileType = text.plist.xml; path = Info.plist; sourceTree = "<group>"; };
		1815BDA01C128F4F002E5C2B /* TipCalculatorUITests.xctest */ = {isa = PBXFileReference; explicitFileType = wrapper.cfbundle; includeInIndex = 0; path = TipCalculatorUITests.xctest; sourceTree = BUILT_PRODUCTS_DIR; };
		1815BDA41C128F4F002E5C2B /* TipCalculatorUITests.swift */ = {isa = PBXFileReference; lastKnownFileType = sourcecode.swift; path = TipCalculatorUITests.swift; sourceTree = "<group>"; };
		1815BDA61C128F4F002E5C2B /* Info.plist */ = {isa = PBXFileReference; lastKnownFileType = text.plist.xml; path = Info.plist; sourceTree = "<group>"; };
		1815BDB21C12904F002E5C2B /* Calculator.swift */ = {isa = PBXFileReference; fileEncoding = 4; lastKnownFileType = sourcecode.swift; path = Calculator.swift; sourceTree = "<group>"; };
/* End PBXFileReference section */

/* Begin PBXFrameworksBuildPhase section */
		1815BD7E1C128F4F002E5C2B /* Frameworks */ = {
			isa = PBXFrameworksBuildPhase;
			buildActionMask = 2147483647;
			files = (
			);
			runOnlyForDeploymentPostprocessing = 0;
		};
		1815BD921C128F4F002E5C2B /* Frameworks */ = {
			isa = PBXFrameworksBuildPhase;
			buildActionMask = 2147483647;
			files = (
			);
			runOnlyForDeploymentPostprocessing = 0;
		};
		1815BD9D1C128F4F002E5C2B /* Frameworks */ = {
			isa = PBXFrameworksBuildPhase;
			buildActionMask = 2147483647;
			files = (
			);
			runOnlyForDeploymentPostprocessing = 0;
		};
/* End PBXFrameworksBuildPhase section */

/* Begin PBXGroup section */
		1815BD781C128F4F002E5C2B = {
			isa = PBXGroup;
			children = (
				1815BD831C128F4F002E5C2B /* TipCalculator */,
				1815BD981C128F4F002E5C2B /* TipCalculatorTests */,
				1815BDA31C128F4F002E5C2B /* TipCalculatorUITests */,
				1815BD821C128F4F002E5C2B /* Products */,
			);
			sourceTree = "<group>";
		};
		1815BD821C128F4F002E5C2B /* Products */ = {
			isa = PBXGroup;
			children = (
				1815BD811C128F4F002E5C2B /* TipCalculator.app */,
				1815BD951C128F4F002E5C2B /* TipCalculatorTests.xctest */,
				1815BDA01C128F4F002E5C2B /* TipCalculatorUITests.xctest */,
			);
			name = Products;
			sourceTree = "<group>";
		};
		1815BD831C128F4F002E5C2B /* TipCalculator */ = {
			isa = PBXGroup;
			children = (
				1815BD841C128F4F002E5C2B /* AppDelegate.swift */,
				1815BD861C128F4F002E5C2B /* ViewController.swift */,
				1815BD881C128F4F002E5C2B /* Main.storyboard */,
				1815BD8B1C128F4F002E5C2B /* Assets.xcassets */,
				1815BD8D1C128F4F002E5C2B /* LaunchScreen.storyboard */,
				1815BD901C128F4F002E5C2B /* Info.plist */,
				1815BDB21C12904F002E5C2B /* Calculator.swift */,
			);
			path = TipCalculator;
			sourceTree = "<group>";
		};
		1815BD981C128F4F002E5C2B /* TipCalculatorTests */ = {
			isa = PBXGroup;
			children = (
				1815BD991C128F4F002E5C2B /* TipCalculatorTests.swift */,
				1815BD9B1C128F4F002E5C2B /* Info.plist */,
			);
			path = TipCalculatorTests;
			sourceTree = "<group>";
		};
		1815BDA31C128F4F002E5C2B /* TipCalculatorUITests */ = {
			isa = PBXGroup;
			children = (
				1815BDA41C128F4F002E5C2B /* TipCalculatorUITests.swift */,
				1815BDA61C128F4F002E5C2B /* Info.plist */,
			);
			path = TipCalculatorUITests;
			sourceTree = "<group>";
		};
/* End PBXGroup section */

/* Begin PBXNativeTarget section */
		1815BD801C128F4F002E5C2B /* TipCalculator */ = {
			isa = PBXNativeTarget;
			buildConfigurationList = 1815BDA91C128F4F002E5C2B /* Build configuration list for PBXNativeTarget "TipCalculator" */;
			buildPhases = (
				1815BD7D1C128F4F002E5C2B /* Sources */,
				1815BD7E1C128F4F002E5C2B /* Frameworks */,
				1815BD7F1C128F4F002E5C2B /* Resources */,
			);
			buildRules = (
			);
			dependencies = (
			);
			name = TipCalculator;
			productName = TipCalculator;
			productReference = 1815BD811C128F4F002E5C2B /* TipCalculator.app */;
			productType = "com.apple.product-type.application";
		};
		1815BD941C128F4F002E5C2B /* TipCalculatorTests */ = {
			isa = PBXNativeTarget;
			buildConfigurationList = 1815BDAC1C128F4F002E5C2B /* Build configuration list for PBXNativeTarget "TipCalculatorTests" */;
			buildPhases = (
				1815BD911C128F4F002E5C2B /* Sources */,
				1815BD921C128F4F002E5C2B /* Frameworks */,
				1815BD931C128F4F002E5C2B /* Resources */,
			);
			buildRules = (
			);
			dependencies = (
				1815BD971C128F4F002E5C2B /* PBXTargetDependency */,
			);
			name = TipCalculatorTests;
			productName = TipCalculatorTests;
			productReference = 1815BD951C128F4F002E5C2B /* TipCalculatorTests.xctest */;
			productType = "com.apple.product-type.bundle.unit-test";
		};
		1815BD9F1C128F4F002E5C2B /* TipCalculatorUITests */ = {
			isa = PBXNativeTarget;
			buildConfigurationList = 1815BDAF1C128F4F002E5C2B /* Build configuration list for PBXNativeTarget "TipCalculatorUITests" */;
			buildPhases = (
				1815BD9C1C128F4F002E5C2B /* Sources */,
				1815BD9D1C128F4F002E5C2B /* Frameworks */,
				1815BD9E1C128F4F002E5C2B /* Resources */,
			);
			buildRules = (
			);
			dependencies = (
				1815BDA21C128F4F002E5C2B /* PBXTargetDependency */,
			);
			name = TipCalculatorUITests;
			productName = TipCalculatorUITests;
			productReference = 1815BDA01C128F4F002E5C2B /* TipCalculatorUITests.xctest */;
			productType = "com.apple.product-type.bundle.ui-testing";
		};
/* End PBXNativeTarget section */

/* Begin PBXProject section */
		1815BD791C128F4F002E5C2B /* Project object */ = {
			isa = PBXProject;
			attributes = {
				LastSwiftUpdateCheck = 0710;
				LastUpgradeCheck = 0710;
				ORGANIZATIONNAME = Isaac;
				TargetAttributes = {
					1815BD801C128F4F002E5C2B = {
						CreatedOnToolsVersion = 7.1.1;
					};
					1815BD941C128F4F002E5C2B = {
						CreatedOnToolsVersion = 7.1.1;
						TestTargetID = 1815BD801C128F4F002E5C2B;
					};
					1815BD9F1C128F4F002E5C2B = {
						CreatedOnToolsVersion = 7.1.1;
						TestTargetID = 1815BD801C128F4F002E5C2B;
					};
				};
			};
			buildConfigurationList = 1815BD7C1C128F4F002E5C2B /* Build configuration list for PBXProject "TipCalculator" */;
			compatibilityVersion = "Xcode 3.2";
			developmentRegion = English;
			hasScannedForEncodings = 0;
			knownRegions = (
				en,
				Base,
			);
			mainGroup = 1815BD781C128F4F002E5C2B;
			productRefGroup = 1815BD821C128F4F002E5C2B /* Products */;
			projectDirPath = "";
			projectRoot = "";
			targets = (
				1815BD801C128F4F002E5C2B /* TipCalculator */,
				1815BD941C128F4F002E5C2B /* TipCalculatorTests */,
				1815BD9F1C128F4F002E5C2B /* TipCalculatorUITests */,
			);
		};
/* End PBXProject section */

/* Begin PBXResourcesBuildPhase section */
		1815BD7F1C128F4F002E5C2B /* Resources */ = {
			isa = PBXResourcesBuildPhase;
			buildActionMask = 2147483647;
			files = (
				1815BD8F1C128F4F002E5C2B /* LaunchScreen.storyboard in Resources */,
				1815BD8C1C128F4F002E5C2B /* Assets.xcassets in Resources */,
				1815BD8A1C128F4F002E5C2B /* Main.storyboard in Resources */,
			);
			runOnlyForDeploymentPostprocessing = 0;
		};
		1815BD931C128F4F002E5C2B /* Resources */ = {
			isa = PBXResourcesBuildPhase;
			buildActionMask = 2147483647;
			files = (
			);
			runOnlyForDeploymentPostprocessing = 0;
		};
		1815BD9E1C128F4F002E5C2B /* Resources */ = {
			isa = PBXResourcesBuildPhase;
			buildActionMask = 2147483647;
			files = (
			);
			runOnlyForDeploymentPostprocessing = 0;
		};
/* End PBXResourcesBuildPhase section */

/* Begin PBXSourcesBuildPhase section */
		1815BD7D1C128F4F002E5C2B /* Sources */ = {
			isa = PBXSourcesBuildPhase;
			buildActionMask = 2147483647;
			files = (
				1815BD871C128F4F002E5C2B /* ViewController.swift in Sources */,
				1815BD851C128F4F002E5C2B /* AppDelegate.swift in Sources */,
				1815BDB31C12904F002E5C2B /* Calculator.swift in Sources */,
			);
			runOnlyForDeploymentPostprocessing = 0;
		};
		1815BD911C128F4F002E5C2B /* Sources */ = {
			isa = PBXSourcesBuildPhase;
			buildActionMask = 2147483647;
			files = (
				1815BD9A1C128F4F002E5C2B /* TipCalculatorTests.swift in Sources */,
			);
			runOnlyForDeploymentPostprocessing = 0;
		};
		1815BD9C1C128F4F002E5C2B /* Sources */ = {
			isa = PBXSourcesBuildPhase;
			buildActionMask = 2147483647;
			files = (
				1815BDA51C128F4F002E5C2B /* TipCalculatorUITests.swift in Sources */,
			);
			runOnlyForDeploymentPostprocessing = 0;
		};
/* End PBXSourcesBuildPhase section */

/* Begin PBXTargetDependency section */
		1815BD971C128F4F002E5C2B /* PBXTargetDependency */ = {
			isa = PBXTargetDependency;
			target = 1815BD801C128F4F002E5C2B /* TipCalculator */;
			targetProxy = 1815BD961C128F4F002E5C2B /* PBXContainerItemProxy */;
		};
		1815BDA21C128F4F002E5C2B /* PBXTargetDependency */ = {
			isa = PBXTargetDependency;
			target = 1815BD801C128F4F002E5C2B /* TipCalculator */;
			targetProxy = 1815BDA11C128F4F002E5C2B /* PBXContainerItemProxy */;
		};
/* End PBXTargetDependency section */

/* Begin PBXVariantGroup section */
		1815BD881C128F4F002E5C2B /* Main.storyboard */ = {
			isa = PBXVariantGroup;
			children = (
				1815BD891C128F4F002E5C2B /* Base */,
			);
			name = Main.storyboard;
			sourceTree = "<group>";
		};
		1815BD8D1C128F4F002E5C2B /* LaunchScreen.storyboard */ = {
			isa = PBXVariantGroup;
			children = (
				1815BD8E1C128F4F002E5C2B /* Base */,
			);
			name = LaunchScreen.storyboard;
			sourceTree = "<group>";
		};
/* End PBXVariantGroup section */

/* Begin XCBuildConfiguration section */
		1815BDA71C128F4F002E5C2B /* Debug */ = {
			isa = XCBuildConfiguration;
			buildSettings = {
				ALWAYS_SEARCH_USER_PATHS = NO;
				CLANG_CXX_LANGUAGE_STANDARD = "gnu++0x";
				CLANG_CXX_LIBRARY = "libc++";
				CLANG_ENABLE_MODULES = YES;
				CLANG_ENABLE_OBJC_ARC = YES;
				CLANG_WARN_BOOL_CONVERSION = YES;
				CLANG_WARN_CONSTANT_CONVERSION = YES;
				CLANG_WARN_DIRECT_OBJC_ISA_USAGE = YES_ERROR;
				CLANG_WARN_EMPTY_BODY = YES;
				CLANG_WARN_ENUM_CONVERSION = YES;
				CLANG_WARN_INT_CONVERSION = YES;
				CLANG_WARN_OBJC_ROOT_CLASS = YES_ERROR;
				CLANG_WARN_UNREACHABLE_CODE = YES;
				CLANG_WARN__DUPLICATE_METHOD_MATCH = YES;
				"CODE_SIGN_IDENTITY[sdk=iphoneos*]" = "iPhone Developer";
				COPY_PHASE_STRIP = NO;
				DEBUG_INFORMATION_FORMAT = dwarf;
				ENABLE_STRICT_OBJC_MSGSEND = YES;
				ENABLE_TESTABILITY = YES;
				GCC_C_LANGUAGE_STANDARD = gnu99;
				GCC_DYNAMIC_NO_PIC = NO;
				GCC_NO_COMMON_BLOCKS = YES;
				GCC_OPTIMIZATION_LEVEL = 0;
				GCC_PREPROCESSOR_DEFINITIONS = (
					"DEBUG=1",
					"$(inherited)",
				);
				GCC_WARN_64_TO_32_BIT_CONVERSION = YES;
				GCC_WARN_ABOUT_RETURN_TYPE = YES_ERROR;
				GCC_WARN_UNDECLARED_SELECTOR = YES;
				GCC_WARN_UNINITIALIZED_AUTOS = YES_AGGRESSIVE;
				GCC_WARN_UNUSED_FUNCTION = YES;
				GCC_WARN_UNUSED_VARIABLE = YES;
				IPHONEOS_DEPLOYMENT_TARGET = 9.1;
				MTL_ENABLE_DEBUG_INFO = YES;
				ONLY_ACTIVE_ARCH = YES;
				SDKROOT = iphoneos;
				SWIFT_OPTIMIZATION_LEVEL = "-Onone";
			};
			name = Debug;
		};
		1815BDA81C128F4F002E5C2B /* Release */ = {
			isa = XCBuildConfiguration;
			buildSettings = {
				ALWAYS_SEARCH_USER_PATHS = NO;
				CLANG_CXX_LANGUAGE_STANDARD = "gnu++0x";
				CLANG_CXX_LIBRARY = "libc++";
				CLANG_ENABLE_MODULES = YES;
				CLANG_ENABLE_OBJC_ARC = YES;
				CLANG_WARN_BOOL_CONVERSION = YES;
				CLANG_WARN_CONSTANT_CONVERSION = YES;
				CLANG_WARN_DIRECT_OBJC_ISA_USAGE = YES_ERROR;
				CLANG_WARN_EMPTY_BODY = YES;
				CLANG_WARN_ENUM_CONVERSION = YES;
				CLANG_WARN_INT_CONVERSION = YES;
				CLANG_WARN_OBJC_ROOT_CLASS = YES_ERROR;
				CLANG_WARN_UNREACHABLE_CODE = YES;
				CLANG_WARN__DUPLICATE_METHOD_MATCH = YES;
				"CODE_SIGN_IDENTITY[sdk=iphoneos*]" = "iPhone Developer";
				COPY_PHASE_STRIP = NO;
				DEBUG_INFORMATION_FORMAT = "dwarf-with-dsym";
				ENABLE_NS_ASSERTIONS = NO;
				ENABLE_STRICT_OBJC_MSGSEND = YES;
				GCC_C_LANGUAGE_STANDARD = gnu99;
				GCC_NO_COMMON_BLOCKS = YES;
				GCC_WARN_64_TO_32_BIT_CONVERSION = YES;
				GCC_WARN_ABOUT_RETURN_TYPE = YES_ERROR;
				GCC_WARN_UNDECLARED_SELECTOR = YES;
				GCC_WARN_UNINITIALIZED_AUTOS = YES_AGGRESSIVE;
				GCC_WARN_UNUSED_FUNCTION = YES;
				GCC_WARN_UNUSED_VARIABLE = YES;
				IPHONEOS_DEPLOYMENT_TARGET = 9.1;
				MTL_ENABLE_DEBUG_INFO = NO;
				SDKROOT = iphoneos;
				VALIDATE_PRODUCT = YES;
			};
			name = Release;
		};
		1815BDAA1C128F4F002E5C2B /* Debug */ = {
			isa = XCBuildConfiguration;
			buildSettings = {
				ASSETCATALOG_COMPILER_APPICON_NAME = AppIcon;
				INFOPLIST_FILE = TipCalculator/Info.plist;
				LD_RUNPATH_SEARCH_PATHS = "$(inherited) @executable_path/Frameworks";
				PRODUCT_BUNDLE_IDENTIFIER = SelfProduction.TipCalculator;
				PRODUCT_NAME = "$(TARGET_NAME)";
			};
			name = Debug;
		};
		1815BDAB1C128F4F002E5C2B /* Release */ = {
			isa = XCBuildConfiguration;
			buildSettings = {
				ASSETCATALOG_COMPILER_APPICON_NAME = AppIcon;
				INFOPLIST_FILE = TipCalculator/Info.plist;
				LD_RUNPATH_SEARCH_PATHS = "$(inherited) @executable_path/Frameworks";
				PRODUCT_BUNDLE_IDENTIFIER = SelfProduction.TipCalculator;
				PRODUCT_NAME = "$(TARGET_NAME)";
			};
			name = Release;
		};
		1815BDAD1C128F4F002E5C2B /* Debug */ = {
			isa = XCBuildConfiguration;
			buildSettings = {
				BUNDLE_LOADER = "$(TEST_HOST)";
				INFOPLIST_FILE = TipCalculatorTests/Info.plist;
				LD_RUNPATH_SEARCH_PATHS = "$(inherited) @executable_path/Frameworks @loader_path/Frameworks";
				PRODUCT_BUNDLE_IDENTIFIER = SelfProduction.TipCalculatorTests;
				PRODUCT_NAME = "$(TARGET_NAME)";
				TEST_HOST = "$(BUILT_PRODUCTS_DIR)/TipCalculator.app/TipCalculator";
			};
			name = Debug;
		};
		1815BDAE1C128F4F002E5C2B /* Release */ = {
			isa = XCBuildConfiguration;
			buildSettings = {
				BUNDLE_LOADER = "$(TEST_HOST)";
				INFOPLIST_FILE = TipCalculatorTests/Info.plist;
				LD_RUNPATH_SEARCH_PATHS = "$(inherited) @executable_path/Frameworks @loader_path/Frameworks";
				PRODUCT_BUNDLE_IDENTIFIER = SelfProduction.TipCalculatorTests;
				PRODUCT_NAME = "$(TARGET_NAME)";
				TEST_HOST = "$(BUILT_PRODUCTS_DIR)/TipCalculator.app/TipCalculator";
			};
			name = Release;
		};
		1815BDB01C128F4F002E5C2B /* Debug */ = {
			isa = XCBuildConfiguration;
			buildSettings = {
				INFOPLIST_FILE = TipCalculatorUITests/Info.plist;
				LD_RUNPATH_SEARCH_PATHS = "$(inherited) @executable_path/Frameworks @loader_path/Frameworks";
				PRODUCT_BUNDLE_IDENTIFIER = SelfProduction.TipCalculatorUITests;
				PRODUCT_NAME = "$(TARGET_NAME)";
				TEST_TARGET_NAME = TipCalculator;
				USES_XCTRUNNER = YES;
			};
			name = Debug;
		};
		1815BDB11C128F4F002E5C2B /* Release */ = {
			isa = XCBuildConfiguration;
			buildSettings = {
				INFOPLIST_FILE = TipCalculatorUITests/Info.plist;
				LD_RUNPATH_SEARCH_PATHS = "$(inherited) @executable_path/Frameworks @loader_path/Frameworks";
				PRODUCT_BUNDLE_IDENTIFIER = SelfProduction.TipCalculatorUITests;
				PRODUCT_NAME = "$(TARGET_NAME)";
				TEST_TARGET_NAME = TipCalculator;
				USES_XCTRUNNER = YES;
			};
			name = Release;
		};
/* End XCBuildConfiguration section */

/* Begin XCConfigurationList section */
		1815BD7C1C128F4F002E5C2B /* Build configuration list for PBXProject "TipCalculator" */ = {
			isa = XCConfigurationList;
			buildConfigurations = (
				1815BDA71C128F4F002E5C2B /* Debug */,
				1815BDA81C128F4F002E5C2B /* Release */,
			);
			defaultConfigurationIsVisible = 0;
			defaultConfigurationName = Release;
		};
		1815BDA91C128F4F002E5C2B /* Build configuration list for PBXNativeTarget "TipCalculator" */ = {
			isa = XCConfigurationList;
			buildConfigurations = (
				1815BDAA1C128F4F002E5C2B /* Debug */,
				1815BDAB1C128F4F002E5C2B /* Release */,
			);
			defaultConfigurationIsVisible = 0;
		};
		1815BDAC1C128F4F002E5C2B /* Build configuration list for PBXNativeTarget "TipCalculatorTests" */ = {
			isa = XCConfigurationList;
			buildConfigurations = (
				1815BDAD1C128F4F002E5C2B /* Debug */,
				1815BDAE1C128F4F002E5C2B /* Release */,
			);
			defaultConfigurationIsVisible = 0;
		};
		1815BDAF1C128F4F002E5C2B /* Build configuration list for PBXNativeTarget "TipCalculatorUITests" */ = {
			isa = XCConfigurationList;
			buildConfigurations = (
				1815BDB01C128F4F002E5C2B /* Debug */,
				1815BDB11C128F4F002E5C2B /* Release */,
			);
			defaultConfigurationIsVisible = 0;
		};
/* End XCConfigurationList section */
	};
	rootObject = 1815BD791C128F4F002E5C2B /* Project object */;
}
